
Microsoft Visual Studio Solution File, Format Version 12.00
# Visual Studio Version 17
VisualStudioVersion = 17.14.36401.2 d17.14
MinimumVisualStudioVersion = 10.0.40219.1
Project("{FAE04EC0-301F-11D3-BF4B-00C04F79EFBC}") = "prjPrioridade", "prjPrioridade\prjPrioridade.csproj", "{3BEB9D4F-CA6C-445B-B2ED-F1DD193E2306}"
EndProject
Project("{FAE04EC0-301F-11D3-BF4B-00C04F79EFBC}") = "prjFilaThread", "prjFilaThread\prjFilaThread.csproj", "{A12D2C3E-547C-4A6F-B524-91F164B1238E}"
EndProject
Global
	GlobalSection(SolutionConfigurationPlatforms) = preSolution
		Debug|Any CPU = Debug|Any CPU
		Release|Any CPU = Release|Any CPU
	EndGlobalSection
	GlobalSection(ProjectConfigurationPlatforms) = postSolution
		{3BEB9D4F-CA6C-445B-B2ED-F1DD193E2306}.Debug|Any CPU.ActiveCfg = Debug|Any CPU
		{3BEB9D4F-CA6C-445B-B2ED-F1DD193E2306}.Debug|Any CPU.Build.0 = Debug|Any CPU
		{3BEB9D4F-CA6C-445B-B2ED-F1DD193E2306}.Release|Any CPU.ActiveCfg = Release|Any CPU
		{3BEB9D4F-CA6C-445B-B2ED-F1DD193E2306}.Release|Any CPU.Build.0 = Release|Any CPU
		{A12D2C3E-547C-4A6F-B524-91F164B1238E}.Debug|Any CPU.ActiveCfg = Debug|Any CPU
		{A12D2C3E-547C-4A6F-B524-91F164B1238E}.Debug|Any CPU.Build.0 = Debug|Any CPU
		{A12D2C3E-547C-4A6F-B524-91F164B1238E}.Release|Any CPU.ActiveCfg = Release|Any CPU
		{A12D2C3E-547C-4A6F-B524-91F164B1238E}.Release|Any CPU.Build.0 = Release|Any CPU
	EndGlobalSection
	GlobalSection(SolutionProperties) = preSolution
		HideSolutionNode = FALSE
	EndGlobalSection
	GlobalSection(ExtensibilityGlobals) = postSolution
		SolutionGuid = {50F1570D-C63E-4126-AAC9-971DCDFEFDA5}
	EndGlobalSection
EndGlobal
