
Microsoft Visual Studio Solution File, Format Version 12.00
# Visual Studio Version 17
VisualStudioVersion = 17.14.36408.4 d17.14
MinimumVisualStudioVersion = 10.0.40219.1
Project("{FAE04EC0-301F-11D3-BF4B-00C04F79EFBC}") = "prjNumCOres", "prjNumCOres\prjNumCOres.csproj", "{C3243E0C-C060-4630-84B2-FBB396DC0FED}"
EndProject
Project("{FAE04EC0-301F-11D3-BF4B-00C04F79EFBC}") = "prjTravamento", "prjTravamento\prjTravamento.csproj", "{F75C5909-3EB5-4060-AF00-8E939843D8EB}"
EndProject
Global
	GlobalSection(SolutionConfigurationPlatforms) = preSolution
		Debug|Any CPU = Debug|Any CPU
		Release|Any CPU = Release|Any CPU
	EndGlobalSection
	GlobalSection(ProjectConfigurationPlatforms) = postSolution
		{C3243E0C-C060-4630-84B2-FBB396DC0FED}.Debug|Any CPU.ActiveCfg = Debug|Any CPU
		{C3243E0C-C060-4630-84B2-FBB396DC0FED}.Debug|Any CPU.Build.0 = Debug|Any CPU
		{C3243E0C-C060-4630-84B2-FBB396DC0FED}.Release|Any CPU.ActiveCfg = Release|Any CPU
		{C3243E0C-C060-4630-84B2-FBB396DC0FED}.Release|Any CPU.Build.0 = Release|Any CPU
		{F75C5909-3EB5-4060-AF00-8E939843D8EB}.Debug|Any CPU.ActiveCfg = Debug|Any CPU
		{F75C5909-3EB5-4060-AF00-8E939843D8EB}.Debug|Any CPU.Build.0 = Debug|Any CPU
		{F75C5909-3EB5-4060-AF00-8E939843D8EB}.Release|Any CPU.ActiveCfg = Release|Any CPU
		{F75C5909-3EB5-4060-AF00-8E939843D8EB}.Release|Any CPU.Build.0 = Release|Any CPU
	EndGlobalSection
	GlobalSection(SolutionProperties) = preSolution
		HideSolutionNode = FALSE
	EndGlobalSection
	GlobalSection(ExtensibilityGlobals) = postSolution
		SolutionGuid = {CE3F068C-96C6-4BC6-B242-CBB6620FAB66}
	EndGlobalSection
EndGlobal
